// !$*UTF8*$!
{
	archiveVersion = 1;
	classes = {
	};
	objectVersion = 55;
	objects = {

/* Begin PBXBuildFile section */
		3C1735802745461E00C9895E /* UnderLineNavBar.swift in Sources */ = {isa = PBXBuildFile; fileRef = 3C17357F2745461D00C9895E /* UnderLineNavBar.swift */; };
		3C1735842745E1C700C9895E /* MatchMyTeamBuildCell.swift in Sources */ = {isa = PBXBuildFile; fileRef = 3C1735822745E1C700C9895E /* MatchMyTeamBuildCell.swift */; };
		3C1735852745E1C800C9895E /* MatchMyTeamBuildCell.xib in Resources */ = {isa = PBXBuildFile; fileRef = 3C1735832745E1C700C9895E /* MatchMyTeamBuildCell.xib */; };
		3C1735882745E4BF00C9895E /* MatchViewModel.swift in Sources */ = {isa = PBXBuildFile; fileRef = 3C1735872745E4BF00C9895E /* MatchViewModel.swift */; };
		3C17358F2746021E00C9895E /* CommunityTeamBuildCell.swift in Sources */ = {isa = PBXBuildFile; fileRef = 3C17358D2746021E00C9895E /* CommunityTeamBuildCell.swift */; };
		3C1735902746021E00C9895E /* CommunityTeamBuildCell.xib in Resources */ = {isa = PBXBuildFile; fileRef = 3C17358E2746021E00C9895E /* CommunityTeamBuildCell.xib */; };
		3C1735932746044500C9895E /* CommunityViewModel.swift in Sources */ = {isa = PBXBuildFile; fileRef = 3C1735922746044500C9895E /* CommunityViewModel.swift */; };
		3C1DEDB7274CE0FD00F0EA58 /* BottomDatePickerViewController.swift in Sources */ = {isa = PBXBuildFile; fileRef = 3C1DEDB5274CE0FD00F0EA58 /* BottomDatePickerViewController.swift */; };
		3C1DEDB8274CE0FD00F0EA58 /* BottomDatePickerViewController.xib in Resources */ = {isa = PBXBuildFile; fileRef = 3C1DEDB6274CE0FD00F0EA58 /* BottomDatePickerViewController.xib */; };
		3C1DEDBA274CE44500F0EA58 /* UIView+RoundConer.swift in Sources */ = {isa = PBXBuildFile; fileRef = 3C1DEDB9274CE44500F0EA58 /* UIView+RoundConer.swift */; };
		3C1DEDBC274CE7B600F0EA58 /* BackgroundBlur.swift in Sources */ = {isa = PBXBuildFile; fileRef = 3C1DEDBB274CE7B600F0EA58 /* BackgroundBlur.swift */; };
		3C1DEDBE274CE7CD00F0EA58 /* CustomAlert.swift in Sources */ = {isa = PBXBuildFile; fileRef = 3C1DEDBD274CE7CD00F0EA58 /* CustomAlert.swift */; };
		3C1DEDC1274CED8E00F0EA58 /* CommunityRegisterTeambuildViewModel.swift in Sources */ = {isa = PBXBuildFile; fileRef = 3C1DEDC0274CED8E00F0EA58 /* CommunityRegisterTeambuildViewModel.swift */; };
		3C2DD42D274C7D70007DBC58 /* CommunityJoinTeambuildViewController.swift in Sources */ = {isa = PBXBuildFile; fileRef = 3C2DD42B274C7D6F007DBC58 /* CommunityJoinTeambuildViewController.swift */; };
		3C2DD42E274C7D70007DBC58 /* CommunityJoinTeambuildViewController.xib in Resources */ = {isa = PBXBuildFile; fileRef = 3C2DD42C274C7D70007DBC58 /* CommunityJoinTeambuildViewController.xib */; };
		3C2DD430274CA2C2007DBC58 /* MoaButtonView.swift in Sources */ = {isa = PBXBuildFile; fileRef = 3C2DD42F274CA2C2007DBC58 /* MoaButtonView.swift */; };
		3C2DD435274CA316007DBC58 /* MoaButtonView.xib in Resources */ = {isa = PBXBuildFile; fileRef = 3C2DD434274CA316007DBC58 /* MoaButtonView.xib */; };
		3C2DD438274CB125007DBC58 /* CommunityRegisterTeambuildViewController.swift in Sources */ = {isa = PBXBuildFile; fileRef = 3C2DD436274CB125007DBC58 /* CommunityRegisterTeambuildViewController.swift */; };
		3C2DD439274CB125007DBC58 /* CommunityRegisterTeambuildViewController.xib in Resources */ = {isa = PBXBuildFile; fileRef = 3C2DD437274CB125007DBC58 /* CommunityRegisterTeambuildViewController.xib */; };
		3C80B14C2741FAE700DDF82F /* AppDelegate.swift in Sources */ = {isa = PBXBuildFile; fileRef = 3C80B14B2741FAE700DDF82F /* AppDelegate.swift */; };
		3C80B14E2741FAE700DDF82F /* SceneDelegate.swift in Sources */ = {isa = PBXBuildFile; fileRef = 3C80B14D2741FAE700DDF82F /* SceneDelegate.swift */; };
		3C80B1552741FAE900DDF82F /* Assets.xcassets in Resources */ = {isa = PBXBuildFile; fileRef = 3C80B1542741FAE900DDF82F /* Assets.xcassets */; };
		3C80B1582741FAE900DDF82F /* LaunchScreen.storyboard in Resources */ = {isa = PBXBuildFile; fileRef = 3C80B1562741FAE900DDF82F /* LaunchScreen.storyboard */; };
		3C80B1692741FD9600DDF82F /* NotoSansKR-Medium.otf in Resources */ = {isa = PBXBuildFile; fileRef = 3C80B1632741FD9600DDF82F /* NotoSansKR-Medium.otf */; };
		3C80B16A2741FD9600DDF82F /* NotoSansKR-Regular.otf in Resources */ = {isa = PBXBuildFile; fileRef = 3C80B1642741FD9600DDF82F /* NotoSansKR-Regular.otf */; };
		3C80B16B2741FD9600DDF82F /* NotoSansKR-Black.otf in Resources */ = {isa = PBXBuildFile; fileRef = 3C80B1652741FD9600DDF82F /* NotoSansKR-Black.otf */; };
		3C80B16C2741FD9600DDF82F /* NotoSansKR-Light.otf in Resources */ = {isa = PBXBuildFile; fileRef = 3C80B1662741FD9600DDF82F /* NotoSansKR-Light.otf */; };
		3C80B16D2741FD9600DDF82F /* NotoSansKR-Bold.otf in Resources */ = {isa = PBXBuildFile; fileRef = 3C80B1672741FD9600DDF82F /* NotoSansKR-Bold.otf */; };
		3C80B16E2741FD9600DDF82F /* NotoSansKR-Thin.otf in Resources */ = {isa = PBXBuildFile; fileRef = 3C80B1682741FD9600DDF82F /* NotoSansKR-Thin.otf */; };
		3C80B1712742006100DDF82F /* HomeViewController.swift in Sources */ = {isa = PBXBuildFile; fileRef = 3C80B16F2742006100DDF82F /* HomeViewController.swift */; };
		3C80B1722742006100DDF82F /* HomeViewController.xib in Resources */ = {isa = PBXBuildFile; fileRef = 3C80B1702742006100DDF82F /* HomeViewController.xib */; };
		3C80B1762742233D00DDF82F /* HomeViewModel.swift in Sources */ = {isa = PBXBuildFile; fileRef = 3C80B1752742233D00DDF82F /* HomeViewModel.swift */; };
		3C80B1792742238800DDF82F /* ViewModelType.swift in Sources */ = {isa = PBXBuildFile; fileRef = 3C80B1782742238800DDF82F /* ViewModelType.swift */; };
		3C80B17B2742241D00DDF82F /* HomePagerCell.swift in Sources */ = {isa = PBXBuildFile; fileRef = 3C80B17A2742241D00DDF82F /* HomePagerCell.swift */; };
		3C80B17E274225F100DDF82F /* IdentifierType.swift in Sources */ = {isa = PBXBuildFile; fileRef = 3C80B17D274225F100DDF82F /* IdentifierType.swift */; };
		3C80B1812742349400DDF82F /* HomeBestMemberCell.swift in Sources */ = {isa = PBXBuildFile; fileRef = 3C80B17F2742349400DDF82F /* HomeBestMemberCell.swift */; };
		3C80B1822742349400DDF82F /* HomeBestMemberCell.xib in Resources */ = {isa = PBXBuildFile; fileRef = 3C80B1802742349400DDF82F /* HomeBestMemberCell.xib */; };
		3C80B185274253BA00DDF82F /* HomeBestTeamBuildCell.swift in Sources */ = {isa = PBXBuildFile; fileRef = 3C80B183274253BA00DDF82F /* HomeBestTeamBuildCell.swift */; };
		3C80B186274253BA00DDF82F /* HomeBestTeamBuildCell.xib in Resources */ = {isa = PBXBuildFile; fileRef = 3C80B184274253BA00DDF82F /* HomeBestTeamBuildCell.xib */; };
		3C80B18927425CED00DDF82F /* MoaTabBarController.swift in Sources */ = {isa = PBXBuildFile; fileRef = 3C80B18727425CED00DDF82F /* MoaTabBarController.swift */; };
		3C80B18D2742660600DDF82F /* CommunityViewController.swift in Sources */ = {isa = PBXBuildFile; fileRef = 3C80B18B2742660600DDF82F /* CommunityViewController.swift */; };
		3C80B18E2742660600DDF82F /* CommunityViewController.xib in Resources */ = {isa = PBXBuildFile; fileRef = 3C80B18C2742660600DDF82F /* CommunityViewController.xib */; };
		3C80B1922742664000DDF82F /* MatchViewController.swift in Sources */ = {isa = PBXBuildFile; fileRef = 3C80B1902742664000DDF82F /* MatchViewController.swift */; };
		3C80B1932742664000DDF82F /* MatchViewController.xib in Resources */ = {isa = PBXBuildFile; fileRef = 3C80B1912742664000DDF82F /* MatchViewController.xib */; };
		3C80B1972742665200DDF82F /* SettingViewController.swift in Sources */ = {isa = PBXBuildFile; fileRef = 3C80B1952742665200DDF82F /* SettingViewController.swift */; };
		3C80B1982742665200DDF82F /* SettingViewController.xib in Resources */ = {isa = PBXBuildFile; fileRef = 3C80B1962742665200DDF82F /* SettingViewController.xib */; };
		3C80B19C2743338E00DDF82F /* HomeBestMemberViewController.swift in Sources */ = {isa = PBXBuildFile; fileRef = 3C80B19A2743338E00DDF82F /* HomeBestMemberViewController.swift */; };
		3C80B19D2743338E00DDF82F /* HomeBestMemberViewController.xib in Resources */ = {isa = PBXBuildFile; fileRef = 3C80B19B2743338E00DDF82F /* HomeBestMemberViewController.xib */; };
		3C80B19F274333FC00DDF82F /* MoaNavigationController.swift in Sources */ = {isa = PBXBuildFile; fileRef = 3C80B19E274333FC00DDF82F /* MoaNavigationController.swift */; };
		3C80B1A1274343A900DDF82F /* BestMemberSectionModel.swift in Sources */ = {isa = PBXBuildFile; fileRef = 3C80B1A0274343A900DDF82F /* BestMemberSectionModel.swift */; };
		3C80B1A4274346CB00DDF82F /* HomeBestMemberViewModel.swift in Sources */ = {isa = PBXBuildFile; fileRef = 3C80B1A3274346CB00DDF82F /* HomeBestMemberViewModel.swift */; };
		3C80B1AB274350EC00DDF82F /* HomeBestMemberReusableView.swift in Sources */ = {isa = PBXBuildFile; fileRef = 3C80B1A9274350EC00DDF82F /* HomeBestMemberReusableView.swift */; };
		3C80B1AC274350EC00DDF82F /* HomeBestMemberReusableView.xib in Resources */ = {isa = PBXBuildFile; fileRef = 3C80B1AA274350EC00DDF82F /* HomeBestMemberReusableView.xib */; };
		3C80B1AF2743704400DDF82F /* HomeBestTeamBuildViewController.swift in Sources */ = {isa = PBXBuildFile; fileRef = 3C80B1AD2743704400DDF82F /* HomeBestTeamBuildViewController.swift */; };
		3C80B1B02743704400DDF82F /* HomeBestTeamBuildViewController.xib in Resources */ = {isa = PBXBuildFile; fileRef = 3C80B1AE2743704400DDF82F /* HomeBestTeamBuildViewController.xib */; };
		3C80B1B32743765000DDF82F /* HomeDetailBestTeamBuildCell.swift in Sources */ = {isa = PBXBuildFile; fileRef = 3C80B1B12743765000DDF82F /* HomeDetailBestTeamBuildCell.swift */; };
		3C80B1B42743765000DDF82F /* HomeDetailBestTeamBuildCell.xib in Resources */ = {isa = PBXBuildFile; fileRef = 3C80B1B22743765000DDF82F /* HomeDetailBestTeamBuildCell.xib */; };
		3C80B1B62743788E00DDF82F /* HomeBestTeamBuildViewModel.swift in Sources */ = {isa = PBXBuildFile; fileRef = 3C80B1B52743788E00DDF82F /* HomeBestTeamBuildViewModel.swift */; };
		3C80B1B82743B50900DDF82F /* UIColor+Initialize.swift in Sources */ = {isa = PBXBuildFile; fileRef = 3C80B1B72743B50900DDF82F /* UIColor+Initialize.swift */; };
		3CB0607C274E4D4000FF4A6D /* UIFont+NotoSans.swift in Sources */ = {isa = PBXBuildFile; fileRef = 3CB0607B274E4D4000FF4A6D /* UIFont+NotoSans.swift */; };
		3CB0607F274E5D8100FF4A6D /* SettingProfileViewController.swift in Sources */ = {isa = PBXBuildFile; fileRef = 3CB0607D274E5D8100FF4A6D /* SettingProfileViewController.swift */; };
		3CB06080274E5D8100FF4A6D /* SettingProfileViewController.xib in Resources */ = {isa = PBXBuildFile; fileRef = 3CB0607E274E5D8100FF4A6D /* SettingProfileViewController.xib */; };
		3CB06083274E5D8B00FF4A6D /* SettingMyPageViewController.swift in Sources */ = {isa = PBXBuildFile; fileRef = 3CB06081274E5D8B00FF4A6D /* SettingMyPageViewController.swift */; };
		3CB06084274E5D8B00FF4A6D /* SettingMyPageViewController.xib in Resources */ = {isa = PBXBuildFile; fileRef = 3CB06082274E5D8B00FF4A6D /* SettingMyPageViewController.xib */; };
		3CC18A4A274E916E007C02F4 /* SettingMyPageViewModel.swift in Sources */ = {isa = PBXBuildFile; fileRef = 3CC18A49274E916E007C02F4 /* SettingMyPageViewModel.swift */; };
		3CC18A4E274E926A007C02F4 /* SettingMyTeambuildCell.swift in Sources */ = {isa = PBXBuildFile; fileRef = 3CC18A4C274E926A007C02F4 /* SettingMyTeambuildCell.swift */; };
		3CC18A4F274E926A007C02F4 /* SettingMyTeambuildCell.xib in Resources */ = {isa = PBXBuildFile; fileRef = 3CC18A4D274E926A007C02F4 /* SettingMyTeambuildCell.xib */; };
		3CC18A53274E9D05007C02F4 /* SettingDetailMyTeambuildViewController.swift in Sources */ = {isa = PBXBuildFile; fileRef = 3CC18A51274E9D05007C02F4 /* SettingDetailMyTeambuildViewController.swift */; };
		3CC18A54274E9D05007C02F4 /* SettingDetailMyTeambuildViewController.xib in Resources */ = {isa = PBXBuildFile; fileRef = 3CC18A52274E9D05007C02F4 /* SettingDetailMyTeambuildViewController.xib */; };
		3CC18A57274E9E36007C02F4 /* SettingDetailMyTeambuildCell.swift in Sources */ = {isa = PBXBuildFile; fileRef = 3CC18A55274E9E36007C02F4 /* SettingDetailMyTeambuildCell.swift */; };
		3CC18A58274E9E36007C02F4 /* SettingDetailMyTeambuildCell.xib in Resources */ = {isa = PBXBuildFile; fileRef = 3CC18A56274E9E36007C02F4 /* SettingDetailMyTeambuildCell.xib */; };
		3CC18A5B274EA3CD007C02F4 /* SettingTeamMemberViewController.swift in Sources */ = {isa = PBXBuildFile; fileRef = 3CC18A59274EA3CD007C02F4 /* SettingTeamMemberViewController.swift */; };
		3CC18A5C274EA3CD007C02F4 /* SettingTeamMemberViewController.xib in Resources */ = {isa = PBXBuildFile; fileRef = 3CC18A5A274EA3CD007C02F4 /* SettingTeamMemberViewController.xib */; };
		3CC18A5E274EA676007C02F4 /* SettingTeamMemberViewModel.swift in Sources */ = {isa = PBXBuildFile; fileRef = 3CC18A5D274EA676007C02F4 /* SettingTeamMemberViewModel.swift */; };
		3CD639C6274D3D6500114CB4 /* CommunityUserProfileViewController.swift in Sources */ = {isa = PBXBuildFile; fileRef = 3CD639C4274D3D6500114CB4 /* CommunityUserProfileViewController.swift */; };
		3CD639C7274D3D6500114CB4 /* CommunityUserProfileViewController.xib in Resources */ = {isa = PBXBuildFile; fileRef = 3CD639C5274D3D6500114CB4 /* CommunityUserProfileViewController.xib */; };
		3CD639CA274DFE3900114CB4 /* BottomAlertViewController.swift in Sources */ = {isa = PBXBuildFile; fileRef = 3CD639C8274DFE3900114CB4 /* BottomAlertViewController.swift */; };
		3CD639CB274DFE3900114CB4 /* BottomAlertViewController.xib in Resources */ = {isa = PBXBuildFile; fileRef = 3CD639C9274DFE3900114CB4 /* BottomAlertViewController.xib */; };
		64CD1BFDB251EC56E7D7AE71 /* Pods_Moa.framework in Frameworks */ = {isa = PBXBuildFile; fileRef = 540EB34A85DAA2A5109FB4A7 /* Pods_Moa.framework */; };
/* End PBXBuildFile section */

/* Begin PBXFileReference section */
		3C17357F2745461D00C9895E /* UnderLineNavBar.swift */ = {isa = PBXFileReference; lastKnownFileType = sourcecode.swift; path = UnderLineNavBar.swift; sourceTree = "<group>"; };
		3C1735822745E1C700C9895E /* MatchMyTeamBuildCell.swift */ = {isa = PBXFileReference; lastKnownFileType = sourcecode.swift; path = MatchMyTeamBuildCell.swift; sourceTree = "<group>"; };
		3C1735832745E1C700C9895E /* MatchMyTeamBuildCell.xib */ = {isa = PBXFileReference; lastKnownFileType = file.xib; path = MatchMyTeamBuildCell.xib; sourceTree = "<group>"; };
		3C1735872745E4BF00C9895E /* MatchViewModel.swift */ = {isa = PBXFileReference; lastKnownFileType = sourcecode.swift; path = MatchViewModel.swift; sourceTree = "<group>"; };
		3C17358D2746021E00C9895E /* CommunityTeamBuildCell.swift */ = {isa = PBXFileReference; lastKnownFileType = sourcecode.swift; path = CommunityTeamBuildCell.swift; sourceTree = "<group>"; };
		3C17358E2746021E00C9895E /* CommunityTeamBuildCell.xib */ = {isa = PBXFileReference; lastKnownFileType = file.xib; path = CommunityTeamBuildCell.xib; sourceTree = "<group>"; };
		3C1735922746044500C9895E /* CommunityViewModel.swift */ = {isa = PBXFileReference; lastKnownFileType = sourcecode.swift; path = CommunityViewModel.swift; sourceTree = "<group>"; };
		3C1DEDB5274CE0FD00F0EA58 /* BottomDatePickerViewController.swift */ = {isa = PBXFileReference; lastKnownFileType = sourcecode.swift; path = BottomDatePickerViewController.swift; sourceTree = "<group>"; };
		3C1DEDB6274CE0FD00F0EA58 /* BottomDatePickerViewController.xib */ = {isa = PBXFileReference; lastKnownFileType = file.xib; path = BottomDatePickerViewController.xib; sourceTree = "<group>"; };
		3C1DEDB9274CE44500F0EA58 /* UIView+RoundConer.swift */ = {isa = PBXFileReference; lastKnownFileType = sourcecode.swift; path = "UIView+RoundConer.swift"; sourceTree = "<group>"; };
		3C1DEDBB274CE7B600F0EA58 /* BackgroundBlur.swift */ = {isa = PBXFileReference; lastKnownFileType = sourcecode.swift; path = BackgroundBlur.swift; sourceTree = "<group>"; };
		3C1DEDBD274CE7CD00F0EA58 /* CustomAlert.swift */ = {isa = PBXFileReference; lastKnownFileType = sourcecode.swift; path = CustomAlert.swift; sourceTree = "<group>"; };
		3C1DEDC0274CED8E00F0EA58 /* CommunityRegisterTeambuildViewModel.swift */ = {isa = PBXFileReference; lastKnownFileType = sourcecode.swift; path = CommunityRegisterTeambuildViewModel.swift; sourceTree = "<group>"; };
		3C2DD42B274C7D6F007DBC58 /* CommunityJoinTeambuildViewController.swift */ = {isa = PBXFileReference; lastKnownFileType = sourcecode.swift; path = CommunityJoinTeambuildViewController.swift; sourceTree = "<group>"; };
		3C2DD42C274C7D70007DBC58 /* CommunityJoinTeambuildViewController.xib */ = {isa = PBXFileReference; lastKnownFileType = file.xib; path = CommunityJoinTeambuildViewController.xib; sourceTree = "<group>"; };
		3C2DD42F274CA2C2007DBC58 /* MoaButtonView.swift */ = {isa = PBXFileReference; lastKnownFileType = sourcecode.swift; path = MoaButtonView.swift; sourceTree = "<group>"; };
		3C2DD434274CA316007DBC58 /* MoaButtonView.xib */ = {isa = PBXFileReference; lastKnownFileType = file.xib; path = MoaButtonView.xib; sourceTree = "<group>"; };
		3C2DD436274CB125007DBC58 /* CommunityRegisterTeambuildViewController.swift */ = {isa = PBXFileReference; lastKnownFileType = sourcecode.swift; path = CommunityRegisterTeambuildViewController.swift; sourceTree = "<group>"; };
		3C2DD437274CB125007DBC58 /* CommunityRegisterTeambuildViewController.xib */ = {isa = PBXFileReference; lastKnownFileType = file.xib; path = CommunityRegisterTeambuildViewController.xib; sourceTree = "<group>"; };
		3C80B1482741FAE700DDF82F /* Moa.app */ = {isa = PBXFileReference; explicitFileType = wrapper.application; includeInIndex = 0; path = Moa.app; sourceTree = BUILT_PRODUCTS_DIR; };
		3C80B14B2741FAE700DDF82F /* AppDelegate.swift */ = {isa = PBXFileReference; lastKnownFileType = sourcecode.swift; path = AppDelegate.swift; sourceTree = "<group>"; };
		3C80B14D2741FAE700DDF82F /* SceneDelegate.swift */ = {isa = PBXFileReference; lastKnownFileType = sourcecode.swift; path = SceneDelegate.swift; sourceTree = "<group>"; };
		3C80B1542741FAE900DDF82F /* Assets.xcassets */ = {isa = PBXFileReference; lastKnownFileType = folder.assetcatalog; path = Assets.xcassets; sourceTree = "<group>"; };
		3C80B1572741FAE900DDF82F /* Base */ = {isa = PBXFileReference; lastKnownFileType = file.storyboard; name = Base; path = Base.lproj/LaunchScreen.storyboard; sourceTree = "<group>"; };
		3C80B1592741FAE900DDF82F /* Info.plist */ = {isa = PBXFileReference; lastKnownFileType = text.plist.xml; path = Info.plist; sourceTree = "<group>"; };
		3C80B1632741FD9600DDF82F /* NotoSansKR-Medium.otf */ = {isa = PBXFileReference; lastKnownFileType = file; path = "NotoSansKR-Medium.otf"; sourceTree = "<group>"; };
		3C80B1642741FD9600DDF82F /* NotoSansKR-Regular.otf */ = {isa = PBXFileReference; lastKnownFileType = file; path = "NotoSansKR-Regular.otf"; sourceTree = "<group>"; };
		3C80B1652741FD9600DDF82F /* NotoSansKR-Black.otf */ = {isa = PBXFileReference; lastKnownFileType = file; path = "NotoSansKR-Black.otf"; sourceTree = "<group>"; };
		3C80B1662741FD9600DDF82F /* NotoSansKR-Light.otf */ = {isa = PBXFileReference; lastKnownFileType = file; path = "NotoSansKR-Light.otf"; sourceTree = "<group>"; };
		3C80B1672741FD9600DDF82F /* NotoSansKR-Bold.otf */ = {isa = PBXFileReference; lastKnownFileType = file; path = "NotoSansKR-Bold.otf"; sourceTree = "<group>"; };
		3C80B1682741FD9600DDF82F /* NotoSansKR-Thin.otf */ = {isa = PBXFileReference; lastKnownFileType = file; path = "NotoSansKR-Thin.otf"; sourceTree = "<group>"; };
		3C80B16F2742006100DDF82F /* HomeViewController.swift */ = {isa = PBXFileReference; lastKnownFileType = sourcecode.swift; path = HomeViewController.swift; sourceTree = "<group>"; };
		3C80B1702742006100DDF82F /* HomeViewController.xib */ = {isa = PBXFileReference; lastKnownFileType = file.xib; path = HomeViewController.xib; sourceTree = "<group>"; };
		3C80B1752742233D00DDF82F /* HomeViewModel.swift */ = {isa = PBXFileReference; lastKnownFileType = sourcecode.swift; path = HomeViewModel.swift; sourceTree = "<group>"; };
		3C80B1782742238800DDF82F /* ViewModelType.swift */ = {isa = PBXFileReference; lastKnownFileType = sourcecode.swift; path = ViewModelType.swift; sourceTree = "<group>"; };
		3C80B17A2742241D00DDF82F /* HomePagerCell.swift */ = {isa = PBXFileReference; lastKnownFileType = sourcecode.swift; path = HomePagerCell.swift; sourceTree = "<group>"; };
		3C80B17D274225F100DDF82F /* IdentifierType.swift */ = {isa = PBXFileReference; lastKnownFileType = sourcecode.swift; path = IdentifierType.swift; sourceTree = "<group>"; };
		3C80B17F2742349400DDF82F /* HomeBestMemberCell.swift */ = {isa = PBXFileReference; lastKnownFileType = sourcecode.swift; path = HomeBestMemberCell.swift; sourceTree = "<group>"; };
		3C80B1802742349400DDF82F /* HomeBestMemberCell.xib */ = {isa = PBXFileReference; lastKnownFileType = file.xib; path = HomeBestMemberCell.xib; sourceTree = "<group>"; };
		3C80B183274253BA00DDF82F /* HomeBestTeamBuildCell.swift */ = {isa = PBXFileReference; lastKnownFileType = sourcecode.swift; path = HomeBestTeamBuildCell.swift; sourceTree = "<group>"; };
		3C80B184274253BA00DDF82F /* HomeBestTeamBuildCell.xib */ = {isa = PBXFileReference; lastKnownFileType = file.xib; path = HomeBestTeamBuildCell.xib; sourceTree = "<group>"; };
		3C80B18727425CED00DDF82F /* MoaTabBarController.swift */ = {isa = PBXFileReference; lastKnownFileType = sourcecode.swift; path = MoaTabBarController.swift; sourceTree = "<group>"; };
		3C80B18B2742660600DDF82F /* CommunityViewController.swift */ = {isa = PBXFileReference; lastKnownFileType = sourcecode.swift; path = CommunityViewController.swift; sourceTree = "<group>"; };
		3C80B18C2742660600DDF82F /* CommunityViewController.xib */ = {isa = PBXFileReference; lastKnownFileType = file.xib; path = CommunityViewController.xib; sourceTree = "<group>"; };
		3C80B1902742664000DDF82F /* MatchViewController.swift */ = {isa = PBXFileReference; lastKnownFileType = sourcecode.swift; path = MatchViewController.swift; sourceTree = "<group>"; };
		3C80B1912742664000DDF82F /* MatchViewController.xib */ = {isa = PBXFileReference; lastKnownFileType = file.xib; path = MatchViewController.xib; sourceTree = "<group>"; };
		3C80B1952742665200DDF82F /* SettingViewController.swift */ = {isa = PBXFileReference; lastKnownFileType = sourcecode.swift; path = SettingViewController.swift; sourceTree = "<group>"; };
		3C80B1962742665200DDF82F /* SettingViewController.xib */ = {isa = PBXFileReference; lastKnownFileType = file.xib; path = SettingViewController.xib; sourceTree = "<group>"; };
		3C80B19A2743338E00DDF82F /* HomeBestMemberViewController.swift */ = {isa = PBXFileReference; lastKnownFileType = sourcecode.swift; path = HomeBestMemberViewController.swift; sourceTree = "<group>"; };
		3C80B19B2743338E00DDF82F /* HomeBestMemberViewController.xib */ = {isa = PBXFileReference; lastKnownFileType = file.xib; path = HomeBestMemberViewController.xib; sourceTree = "<group>"; };
		3C80B19E274333FC00DDF82F /* MoaNavigationController.swift */ = {isa = PBXFileReference; lastKnownFileType = sourcecode.swift; path = MoaNavigationController.swift; sourceTree = "<group>"; };
		3C80B1A0274343A900DDF82F /* BestMemberSectionModel.swift */ = {isa = PBXFileReference; lastKnownFileType = sourcecode.swift; path = BestMemberSectionModel.swift; sourceTree = "<group>"; };
		3C80B1A3274346CB00DDF82F /* HomeBestMemberViewModel.swift */ = {isa = PBXFileReference; lastKnownFileType = sourcecode.swift; path = HomeBestMemberViewModel.swift; sourceTree = "<group>"; };
		3C80B1A9274350EC00DDF82F /* HomeBestMemberReusableView.swift */ = {isa = PBXFileReference; lastKnownFileType = sourcecode.swift; path = HomeBestMemberReusableView.swift; sourceTree = "<group>"; };
		3C80B1AA274350EC00DDF82F /* HomeBestMemberReusableView.xib */ = {isa = PBXFileReference; lastKnownFileType = file.xib; path = HomeBestMemberReusableView.xib; sourceTree = "<group>"; };
		3C80B1AD2743704400DDF82F /* HomeBestTeamBuildViewController.swift */ = {isa = PBXFileReference; lastKnownFileType = sourcecode.swift; path = HomeBestTeamBuildViewController.swift; sourceTree = "<group>"; };
		3C80B1AE2743704400DDF82F /* HomeBestTeamBuildViewController.xib */ = {isa = PBXFileReference; lastKnownFileType = file.xib; path = HomeBestTeamBuildViewController.xib; sourceTree = "<group>"; };
		3C80B1B12743765000DDF82F /* HomeDetailBestTeamBuildCell.swift */ = {isa = PBXFileReference; lastKnownFileType = sourcecode.swift; path = HomeDetailBestTeamBuildCell.swift; sourceTree = "<group>"; };
		3C80B1B22743765000DDF82F /* HomeDetailBestTeamBuildCell.xib */ = {isa = PBXFileReference; lastKnownFileType = file.xib; path = HomeDetailBestTeamBuildCell.xib; sourceTree = "<group>"; };
		3C80B1B52743788E00DDF82F /* HomeBestTeamBuildViewModel.swift */ = {isa = PBXFileReference; lastKnownFileType = sourcecode.swift; path = HomeBestTeamBuildViewModel.swift; sourceTree = "<group>"; };
		3C80B1B72743B50900DDF82F /* UIColor+Initialize.swift */ = {isa = PBXFileReference; lastKnownFileType = sourcecode.swift; path = "UIColor+Initialize.swift"; sourceTree = "<group>"; };
		3CB0607B274E4D4000FF4A6D /* UIFont+NotoSans.swift */ = {isa = PBXFileReference; lastKnownFileType = sourcecode.swift; path = "UIFont+NotoSans.swift"; sourceTree = "<group>"; };
		3CB0607D274E5D8100FF4A6D /* SettingProfileViewController.swift */ = {isa = PBXFileReference; lastKnownFileType = sourcecode.swift; path = SettingProfileViewController.swift; sourceTree = "<group>"; };
		3CB0607E274E5D8100FF4A6D /* SettingProfileViewController.xib */ = {isa = PBXFileReference; lastKnownFileType = file.xib; path = SettingProfileViewController.xib; sourceTree = "<group>"; };
		3CB06081274E5D8B00FF4A6D /* SettingMyPageViewController.swift */ = {isa = PBXFileReference; lastKnownFileType = sourcecode.swift; path = SettingMyPageViewController.swift; sourceTree = "<group>"; };
		3CB06082274E5D8B00FF4A6D /* SettingMyPageViewController.xib */ = {isa = PBXFileReference; lastKnownFileType = file.xib; path = SettingMyPageViewController.xib; sourceTree = "<group>"; };
		3CC18A49274E916E007C02F4 /* SettingMyPageViewModel.swift */ = {isa = PBXFileReference; lastKnownFileType = sourcecode.swift; path = SettingMyPageViewModel.swift; sourceTree = "<group>"; };
		3CC18A4C274E926A007C02F4 /* SettingMyTeambuildCell.swift */ = {isa = PBXFileReference; lastKnownFileType = sourcecode.swift; path = SettingMyTeambuildCell.swift; sourceTree = "<group>"; };
		3CC18A4D274E926A007C02F4 /* SettingMyTeambuildCell.xib */ = {isa = PBXFileReference; lastKnownFileType = file.xib; path = SettingMyTeambuildCell.xib; sourceTree = "<group>"; };
		3CC18A51274E9D05007C02F4 /* SettingDetailMyTeambuildViewController.swift */ = {isa = PBXFileReference; lastKnownFileType = sourcecode.swift; path = SettingDetailMyTeambuildViewController.swift; sourceTree = "<group>"; };
		3CC18A52274E9D05007C02F4 /* SettingDetailMyTeambuildViewController.xib */ = {isa = PBXFileReference; lastKnownFileType = file.xib; path = SettingDetailMyTeambuildViewController.xib; sourceTree = "<group>"; };
		3CC18A55274E9E36007C02F4 /* SettingDetailMyTeambuildCell.swift */ = {isa = PBXFileReference; lastKnownFileType = sourcecode.swift; path = SettingDetailMyTeambuildCell.swift; sourceTree = "<group>"; };
		3CC18A56274E9E36007C02F4 /* SettingDetailMyTeambuildCell.xib */ = {isa = PBXFileReference; lastKnownFileType = file.xib; path = SettingDetailMyTeambuildCell.xib; sourceTree = "<group>"; };
		3CC18A59274EA3CD007C02F4 /* SettingTeamMemberViewController.swift */ = {isa = PBXFileReference; lastKnownFileType = sourcecode.swift; path = SettingTeamMemberViewController.swift; sourceTree = "<group>"; };
		3CC18A5A274EA3CD007C02F4 /* SettingTeamMemberViewController.xib */ = {isa = PBXFileReference; lastKnownFileType = file.xib; path = SettingTeamMemberViewController.xib; sourceTree = "<group>"; };
		3CC18A5D274EA676007C02F4 /* SettingTeamMemberViewModel.swift */ = {isa = PBXFileReference; lastKnownFileType = sourcecode.swift; path = SettingTeamMemberViewModel.swift; sourceTree = "<group>"; };
		3CD639C4274D3D6500114CB4 /* CommunityUserProfileViewController.swift */ = {isa = PBXFileReference; lastKnownFileType = sourcecode.swift; path = CommunityUserProfileViewController.swift; sourceTree = "<group>"; };
		3CD639C5274D3D6500114CB4 /* CommunityUserProfileViewController.xib */ = {isa = PBXFileReference; lastKnownFileType = file.xib; path = CommunityUserProfileViewController.xib; sourceTree = "<group>"; };
		3CD639C8274DFE3900114CB4 /* BottomAlertViewController.swift */ = {isa = PBXFileReference; lastKnownFileType = sourcecode.swift; path = BottomAlertViewController.swift; sourceTree = "<group>"; };
		3CD639C9274DFE3900114CB4 /* BottomAlertViewController.xib */ = {isa = PBXFileReference; lastKnownFileType = file.xib; path = BottomAlertViewController.xib; sourceTree = "<group>"; };
		438978EA119CA256DA37A4B4 /* Pods-Moa.release.xcconfig */ = {isa = PBXFileReference; includeInIndex = 1; lastKnownFileType = text.xcconfig; name = "Pods-Moa.release.xcconfig"; path = "Target Support Files/Pods-Moa/Pods-Moa.release.xcconfig"; sourceTree = "<group>"; };
		540EB34A85DAA2A5109FB4A7 /* Pods_Moa.framework */ = {isa = PBXFileReference; explicitFileType = wrapper.framework; includeInIndex = 0; path = Pods_Moa.framework; sourceTree = BUILT_PRODUCTS_DIR; };
		76C0E082EDB23930135F1216 /* Pods-Moa.debug.xcconfig */ = {isa = PBXFileReference; includeInIndex = 1; lastKnownFileType = text.xcconfig; name = "Pods-Moa.debug.xcconfig"; path = "Target Support Files/Pods-Moa/Pods-Moa.debug.xcconfig"; sourceTree = "<group>"; };
/* End PBXFileReference section */

/* Begin PBXFrameworksBuildPhase section */
		3C80B1452741FAE700DDF82F /* Frameworks */ = {
			isa = PBXFrameworksBuildPhase;
			buildActionMask = 2147483647;
			files = (
				64CD1BFDB251EC56E7D7AE71 /* Pods_Moa.framework in Frameworks */,
			);
			runOnlyForDeploymentPostprocessing = 0;
		};
/* End PBXFrameworksBuildPhase section */

/* Begin PBXGroup section */
		3C1735812745E1AD00C9895E /* View */ = {
			isa = PBXGroup;
			children = (
				3C80B1902742664000DDF82F /* MatchViewController.swift */,
				3C80B1912742664000DDF82F /* MatchViewController.xib */,
			);
			path = View;
			sourceTree = "<group>";
		};
		3C1735862745E1CB00C9895E /* ReuseView */ = {
			isa = PBXGroup;
			children = (
				3C1735822745E1C700C9895E /* MatchMyTeamBuildCell.swift */,
				3C1735832745E1C700C9895E /* MatchMyTeamBuildCell.xib */,
			);
			path = ReuseView;
			sourceTree = "<group>";
		};
		3C1735892745E4CE00C9895E /* ViewModel */ = {
			isa = PBXGroup;
			children = (
				3C1735872745E4BF00C9895E /* MatchViewModel.swift */,
			);
			path = ViewModel;
			sourceTree = "<group>";
		};
		3C17358C2746017000C9895E /* View */ = {
			isa = PBXGroup;
			children = (
				3C80B18B2742660600DDF82F /* CommunityViewController.swift */,
				3C80B18C2742660600DDF82F /* CommunityViewController.xib */,
				3C2DD42B274C7D6F007DBC58 /* CommunityJoinTeambuildViewController.swift */,
				3C2DD42C274C7D70007DBC58 /* CommunityJoinTeambuildViewController.xib */,
				3C2DD436274CB125007DBC58 /* CommunityRegisterTeambuildViewController.swift */,
				3C2DD437274CB125007DBC58 /* CommunityRegisterTeambuildViewController.xib */,
				3CD639C4274D3D6500114CB4 /* CommunityUserProfileViewController.swift */,
				3CD639C5274D3D6500114CB4 /* CommunityUserProfileViewController.xib */,
			);
			path = View;
			sourceTree = "<group>";
		};
		3C1735912746022200C9895E /* ReuseView */ = {
			isa = PBXGroup;
			children = (
				3C17358D2746021E00C9895E /* CommunityTeamBuildCell.swift */,
				3C17358E2746021E00C9895E /* CommunityTeamBuildCell.xib */,
			);
			path = ReuseView;
			sourceTree = "<group>";
		};
		3C1735942746046500C9895E /* ViewModel */ = {
			isa = PBXGroup;
			children = (
				3C1735922746044500C9895E /* CommunityViewModel.swift */,
				3C1DEDC0274CED8E00F0EA58 /* CommunityRegisterTeambuildViewModel.swift */,
			);
			path = ViewModel;
			sourceTree = "<group>";
		};
		3C1DEDBF274CE7EB00F0EA58 /* BottomAlert */ = {
			isa = PBXGroup;
			children = (
				3C1DEDB5274CE0FD00F0EA58 /* BottomDatePickerViewController.swift */,
				3C1DEDB6274CE0FD00F0EA58 /* BottomDatePickerViewController.xib */,
				3CD639C8274DFE3900114CB4 /* BottomAlertViewController.swift */,
				3CD639C9274DFE3900114CB4 /* BottomAlertViewController.xib */,
			);
			path = BottomAlert;
			sourceTree = "<group>";
		};
		3C2DD431274CA2D3007DBC58 /* Extension */ = {
			isa = PBXGroup;
			children = (
				3C80B1B72743B50900DDF82F /* UIColor+Initialize.swift */,
				3C1DEDB9274CE44500F0EA58 /* UIView+RoundConer.swift */,
				3CB0607B274E4D4000FF4A6D /* UIFont+NotoSans.swift */,
			);
			path = Extension;
			sourceTree = "<group>";
		};
		3C2DD432274CA2F1007DBC58 /* Protocol */ = {
			isa = PBXGroup;
			children = (
				3C80B17D274225F100DDF82F /* IdentifierType.swift */,
				3C17357F2745461D00C9895E /* UnderLineNavBar.swift */,
				3C80B1782742238800DDF82F /* ViewModelType.swift */,
				3C1DEDBB274CE7B600F0EA58 /* BackgroundBlur.swift */,
				3C1DEDBD274CE7CD00F0EA58 /* CustomAlert.swift */,
			);
			path = Protocol;
			sourceTree = "<group>";
		};
		3C2DD433274CA300007DBC58 /* UIComponent */ = {
			isa = PBXGroup;
			children = (
				3C2DD42F274CA2C2007DBC58 /* MoaButtonView.swift */,
				3C2DD434274CA316007DBC58 /* MoaButtonView.xib */,
				3C80B19E274333FC00DDF82F /* MoaNavigationController.swift */,
			);
			path = UIComponent;
			sourceTree = "<group>";
		};
		3C80B13F2741FAE700DDF82F = {
			isa = PBXGroup;
			children = (
				3C80B14A2741FAE700DDF82F /* Moa */,
				3C80B1492741FAE700DDF82F /* Products */,
				63B86CDC2F0F4E4043791065 /* Pods */,
				7A0A2FCF55781A0CC5CC06D8 /* Frameworks */,
			);
			sourceTree = "<group>";
		};
		3C80B1492741FAE700DDF82F /* Products */ = {
			isa = PBXGroup;
			children = (
				3C80B1482741FAE700DDF82F /* Moa.app */,
			);
			name = Products;
			sourceTree = "<group>";
		};
		3C80B14A2741FAE700DDF82F /* Moa */ = {
			isa = PBXGroup;
			children = (
				3C80B18F2742661300DDF82F /* Community */,
				3C80B17327421FA700DDF82F /* Home */,
				3C80B1612741FD1800DDF82F /* Support */,
				3C80B1942742664300DDF82F /* Match */,
				3C80B1992742665700DDF82F /* Setting */,
				3C80B14B2741FAE700DDF82F /* AppDelegate.swift */,
				3C80B14D2741FAE700DDF82F /* SceneDelegate.swift */,
				3C80B18727425CED00DDF82F /* MoaTabBarController.swift */,
				3C80B1542741FAE900DDF82F /* Assets.xcassets */,
				3C80B1562741FAE900DDF82F /* LaunchScreen.storyboard */,
				3C80B1592741FAE900DDF82F /* Info.plist */,
			);
			path = Moa;
			sourceTree = "<group>";
		};
		3C80B1612741FD1800DDF82F /* Support */ = {
			isa = PBXGroup;
			children = (
				3C80B1622741FD8A00DDF82F /* Fonts */,
				3C2DD431274CA2D3007DBC58 /* Extension */,
				3C2DD432274CA2F1007DBC58 /* Protocol */,
				3C2DD433274CA300007DBC58 /* UIComponent */,
				3C1DEDBF274CE7EB00F0EA58 /* BottomAlert */,
			);
			path = Support;
			sourceTree = "<group>";
		};
		3C80B1622741FD8A00DDF82F /* Fonts */ = {
			isa = PBXGroup;
			children = (
				3C80B1652741FD9600DDF82F /* NotoSansKR-Black.otf */,
				3C80B1672741FD9600DDF82F /* NotoSansKR-Bold.otf */,
				3C80B1662741FD9600DDF82F /* NotoSansKR-Light.otf */,
				3C80B1632741FD9600DDF82F /* NotoSansKR-Medium.otf */,
				3C80B1642741FD9600DDF82F /* NotoSansKR-Regular.otf */,
				3C80B1682741FD9600DDF82F /* NotoSansKR-Thin.otf */,
			);
			path = Fonts;
			sourceTree = "<group>";
		};
		3C80B17327421FA700DDF82F /* Home */ = {
			isa = PBXGroup;
			children = (
				3C80B1742742232E00DDF82F /* View */,
				3C80B1772742234000DDF82F /* ViewModel */,
				3C80B17C2742242000DDF82F /* ReuseView */,
				3C80B1A2274343AC00DDF82F /* SectionModel */,
			);
			path = Home;
			sourceTree = "<group>";
		};
		3C80B1742742232E00DDF82F /* View */ = {
			isa = PBXGroup;
			children = (
				3C80B16F2742006100DDF82F /* HomeViewController.swift */,
				3C80B1702742006100DDF82F /* HomeViewController.xib */,
				3C80B19A2743338E00DDF82F /* HomeBestMemberViewController.swift */,
				3C80B19B2743338E00DDF82F /* HomeBestMemberViewController.xib */,
				3C80B1AD2743704400DDF82F /* HomeBestTeamBuildViewController.swift */,
				3C80B1AE2743704400DDF82F /* HomeBestTeamBuildViewController.xib */,
			);
			path = View;
			sourceTree = "<group>";
		};
		3C80B1772742234000DDF82F /* ViewModel */ = {
			isa = PBXGroup;
			children = (
				3C80B1752742233D00DDF82F /* HomeViewModel.swift */,
				3C80B1A3274346CB00DDF82F /* HomeBestMemberViewModel.swift */,
				3C80B1B52743788E00DDF82F /* HomeBestTeamBuildViewModel.swift */,
			);
			path = ViewModel;
			sourceTree = "<group>";
		};
		3C80B17C2742242000DDF82F /* ReuseView */ = {
			isa = PBXGroup;
			children = (
				3C80B17A2742241D00DDF82F /* HomePagerCell.swift */,
				3C80B17F2742349400DDF82F /* HomeBestMemberCell.swift */,
				3C80B1802742349400DDF82F /* HomeBestMemberCell.xib */,
				3C80B183274253BA00DDF82F /* HomeBestTeamBuildCell.swift */,
				3C80B184274253BA00DDF82F /* HomeBestTeamBuildCell.xib */,
				3C80B1A9274350EC00DDF82F /* HomeBestMemberReusableView.swift */,
				3C80B1AA274350EC00DDF82F /* HomeBestMemberReusableView.xib */,
				3C80B1B12743765000DDF82F /* HomeDetailBestTeamBuildCell.swift */,
				3C80B1B22743765000DDF82F /* HomeDetailBestTeamBuildCell.xib */,
			);
			path = ReuseView;
			sourceTree = "<group>";
		};
		3C80B18F2742661300DDF82F /* Community */ = {
			isa = PBXGroup;
			children = (
				3C17358C2746017000C9895E /* View */,
				3C1735912746022200C9895E /* ReuseView */,
				3C1735942746046500C9895E /* ViewModel */,
			);
			path = Community;
			sourceTree = "<group>";
		};
		3C80B1942742664300DDF82F /* Match */ = {
			isa = PBXGroup;
			children = (
				3C1735812745E1AD00C9895E /* View */,
				3C1735862745E1CB00C9895E /* ReuseView */,
				3C1735892745E4CE00C9895E /* ViewModel */,
			);
			path = Match;
			sourceTree = "<group>";
		};
		3C80B1992742665700DDF82F /* Setting */ = {
			isa = PBXGroup;
			children = (
				3CC18A48274E915E007C02F4 /* View */,
				3CC18A4B274E9171007C02F4 /* ViewModel */,
				3CC18A50274E9352007C02F4 /* ReuseView */,
			);
			path = Setting;
			sourceTree = "<group>";
		};
		3C80B1A2274343AC00DDF82F /* SectionModel */ = {
			isa = PBXGroup;
			children = (
				3C80B1A0274343A900DDF82F /* BestMemberSectionModel.swift */,
			);
			path = SectionModel;
			sourceTree = "<group>";
		};
		3CC18A48274E915E007C02F4 /* View */ = {
			isa = PBXGroup;
			children = (
				3C80B1952742665200DDF82F /* SettingViewController.swift */,
				3C80B1962742665200DDF82F /* SettingViewController.xib */,
				3CB06081274E5D8B00FF4A6D /* SettingMyPageViewController.swift */,
				3CB06082274E5D8B00FF4A6D /* SettingMyPageViewController.xib */,
				3CB0607D274E5D8100FF4A6D /* SettingProfileViewController.swift */,
				3CB0607E274E5D8100FF4A6D /* SettingProfileViewController.xib */,
				3CC18A51274E9D05007C02F4 /* SettingDetailMyTeambuildViewController.swift */,
				3CC18A52274E9D05007C02F4 /* SettingDetailMyTeambuildViewController.xib */,
				3CC18A59274EA3CD007C02F4 /* SettingTeamMemberViewController.swift */,
				3CC18A5A274EA3CD007C02F4 /* SettingTeamMemberViewController.xib */,
			);
			path = View;
			sourceTree = "<group>";
		};
		3CC18A4B274E9171007C02F4 /* ViewModel */ = {
			isa = PBXGroup;
			children = (
				3CC18A49274E916E007C02F4 /* SettingMyPageViewModel.swift */,
				3CC18A5D274EA676007C02F4 /* SettingTeamMemberViewModel.swift */,
			);
			path = ViewModel;
			sourceTree = "<group>";
		};
		3CC18A50274E9352007C02F4 /* ReuseView */ = {
			isa = PBXGroup;
			children = (
				3CC18A4C274E926A007C02F4 /* SettingMyTeambuildCell.swift */,
				3CC18A4D274E926A007C02F4 /* SettingMyTeambuildCell.xib */,
				3CC18A55274E9E36007C02F4 /* SettingDetailMyTeambuildCell.swift */,
				3CC18A56274E9E36007C02F4 /* SettingDetailMyTeambuildCell.xib */,
			);
			path = ReuseView;
			sourceTree = "<group>";
		};
		63B86CDC2F0F4E4043791065 /* Pods */ = {
			isa = PBXGroup;
			children = (
				76C0E082EDB23930135F1216 /* Pods-Moa.debug.xcconfig */,
				438978EA119CA256DA37A4B4 /* Pods-Moa.release.xcconfig */,
			);
			path = Pods;
			sourceTree = "<group>";
		};
		7A0A2FCF55781A0CC5CC06D8 /* Frameworks */ = {
			isa = PBXGroup;
			children = (
				540EB34A85DAA2A5109FB4A7 /* Pods_Moa.framework */,
			);
			name = Frameworks;
			sourceTree = "<group>";
		};
/* End PBXGroup section */

/* Begin PBXNativeTarget section */
		3C80B1472741FAE700DDF82F /* Moa */ = {
			isa = PBXNativeTarget;
			buildConfigurationList = 3C80B15C2741FAE900DDF82F /* Build configuration list for PBXNativeTarget "Moa" */;
			buildPhases = (
				559F9F7D6A8B4BC30D591EEF /* [CP] Check Pods Manifest.lock */,
				3C80B1442741FAE700DDF82F /* Sources */,
				3C80B1452741FAE700DDF82F /* Frameworks */,
				3C80B1462741FAE700DDF82F /* Resources */,
				C6EF11CAD69927BF4667E4B1 /* [CP] Embed Pods Frameworks */,
			);
			buildRules = (
			);
			dependencies = (
			);
			name = Moa;
			productName = Moa;
			productReference = 3C80B1482741FAE700DDF82F /* Moa.app */;
			productType = "com.apple.product-type.application";
		};
/* End PBXNativeTarget section */

/* Begin PBXProject section */
		3C80B1402741FAE700DDF82F /* Project object */ = {
			isa = PBXProject;
			attributes = {
				BuildIndependentTargetsInParallel = 1;
				LastSwiftUpdateCheck = 1310;
				LastUpgradeCheck = 1310;
				TargetAttributes = {
					3C80B1472741FAE700DDF82F = {
						CreatedOnToolsVersion = 13.1;
					};
				};
			};
			buildConfigurationList = 3C80B1432741FAE700DDF82F /* Build configuration list for PBXProject "Moa" */;
			compatibilityVersion = "Xcode 13.0";
			developmentRegion = en;
			hasScannedForEncodings = 0;
			knownRegions = (
				en,
				Base,
			);
			mainGroup = 3C80B13F2741FAE700DDF82F;
			productRefGroup = 3C80B1492741FAE700DDF82F /* Products */;
			projectDirPath = "";
			projectRoot = "";
			targets = (
				3C80B1472741FAE700DDF82F /* Moa */,
			);
		};
/* End PBXProject section */

/* Begin PBXResourcesBuildPhase section */
		3C80B1462741FAE700DDF82F /* Resources */ = {
			isa = PBXResourcesBuildPhase;
			buildActionMask = 2147483647;
			files = (
				3C80B16C2741FD9600DDF82F /* NotoSansKR-Light.otf in Resources */,
				3C80B16D2741FD9600DDF82F /* NotoSansKR-Bold.otf in Resources */,
				3C80B18E2742660600DDF82F /* CommunityViewController.xib in Resources */,
				3CC18A58274E9E36007C02F4 /* SettingDetailMyTeambuildCell.xib in Resources */,
				3C1735852745E1C800C9895E /* MatchMyTeamBuildCell.xib in Resources */,
				3CB06084274E5D8B00FF4A6D /* SettingMyPageViewController.xib in Resources */,
				3CC18A54274E9D05007C02F4 /* SettingDetailMyTeambuildViewController.xib in Resources */,
				3C80B1B42743765000DDF82F /* HomeDetailBestTeamBuildCell.xib in Resources */,
				3C80B1822742349400DDF82F /* HomeBestMemberCell.xib in Resources */,
				3C2DD435274CA316007DBC58 /* MoaButtonView.xib in Resources */,
				3C80B1692741FD9600DDF82F /* NotoSansKR-Medium.otf in Resources */,
				3C1735902746021E00C9895E /* CommunityTeamBuildCell.xib in Resources */,
				3C80B1582741FAE900DDF82F /* LaunchScreen.storyboard in Resources */,
				3C80B16E2741FD9600DDF82F /* NotoSansKR-Thin.otf in Resources */,
				3C80B1982742665200DDF82F /* SettingViewController.xib in Resources */,
				3C80B16A2741FD9600DDF82F /* NotoSansKR-Regular.otf in Resources */,
				3CC18A5C274EA3CD007C02F4 /* SettingTeamMemberViewController.xib in Resources */,
				3C80B186274253BA00DDF82F /* HomeBestTeamBuildCell.xib in Resources */,
				3CC18A4F274E926A007C02F4 /* SettingMyTeambuildCell.xib in Resources */,
				3C80B1932742664000DDF82F /* MatchViewController.xib in Resources */,
				3C1DEDB8274CE0FD00F0EA58 /* BottomDatePickerViewController.xib in Resources */,
				3C80B1B02743704400DDF82F /* HomeBestTeamBuildViewController.xib in Resources */,
				3C80B16B2741FD9600DDF82F /* NotoSansKR-Black.otf in Resources */,
				3CD639CB274DFE3900114CB4 /* BottomAlertViewController.xib in Resources */,
				3CB06080274E5D8100FF4A6D /* SettingProfileViewController.xib in Resources */,
				3CD639C7274D3D6500114CB4 /* CommunityUserProfileViewController.xib in Resources */,
				3C80B1AC274350EC00DDF82F /* HomeBestMemberReusableView.xib in Resources */,
				3C80B19D2743338E00DDF82F /* HomeBestMemberViewController.xib in Resources */,
				3C80B1552741FAE900DDF82F /* Assets.xcassets in Resources */,
				3C2DD42E274C7D70007DBC58 /* CommunityJoinTeambuildViewController.xib in Resources */,
				3C80B1722742006100DDF82F /* HomeViewController.xib in Resources */,
				3C2DD439274CB125007DBC58 /* CommunityRegisterTeambuildViewController.xib in Resources */,
			);
			runOnlyForDeploymentPostprocessing = 0;
		};
/* End PBXResourcesBuildPhase section */

/* Begin PBXShellScriptBuildPhase section */
		559F9F7D6A8B4BC30D591EEF /* [CP] Check Pods Manifest.lock */ = {
			isa = PBXShellScriptBuildPhase;
			buildActionMask = 2147483647;
			files = (
			);
			inputFileListPaths = (
			);
			inputPaths = (
				"${PODS_PODFILE_DIR_PATH}/Podfile.lock",
				"${PODS_ROOT}/Manifest.lock",
			);
			name = "[CP] Check Pods Manifest.lock";
			outputFileListPaths = (
			);
			outputPaths = (
				"$(DERIVED_FILE_DIR)/Pods-Moa-checkManifestLockResult.txt",
			);
			runOnlyForDeploymentPostprocessing = 0;
			shellPath = /bin/sh;
			shellScript = "diff \"${PODS_PODFILE_DIR_PATH}/Podfile.lock\" \"${PODS_ROOT}/Manifest.lock\" > /dev/null\nif [ $? != 0 ] ; then\n    # print error to STDERR\n    echo \"error: The sandbox is not in sync with the Podfile.lock. Run 'pod install' or update your CocoaPods installation.\" >&2\n    exit 1\nfi\n# This output is used by Xcode 'outputs' to avoid re-running this script phase.\necho \"SUCCESS\" > \"${SCRIPT_OUTPUT_FILE_0}\"\n";
			showEnvVarsInLog = 0;
		};
		C6EF11CAD69927BF4667E4B1 /* [CP] Embed Pods Frameworks */ = {
			isa = PBXShellScriptBuildPhase;
			buildActionMask = 2147483647;
			files = (
			);
			inputFileListPaths = (
				"${PODS_ROOT}/Target Support Files/Pods-Moa/Pods-Moa-frameworks-${CONFIGURATION}-input-files.xcfilelist",
			);
			name = "[CP] Embed Pods Frameworks";
			outputFileListPaths = (
				"${PODS_ROOT}/Target Support Files/Pods-Moa/Pods-Moa-frameworks-${CONFIGURATION}-output-files.xcfilelist",
			);
			runOnlyForDeploymentPostprocessing = 0;
			shellPath = /bin/sh;
			shellScript = "\"${PODS_ROOT}/Target Support Files/Pods-Moa/Pods-Moa-frameworks.sh\"\n";
			showEnvVarsInLog = 0;
		};
/* End PBXShellScriptBuildPhase section */

/* Begin PBXSourcesBuildPhase section */
		3C80B1442741FAE700DDF82F /* Sources */ = {
			isa = PBXSourcesBuildPhase;
			buildActionMask = 2147483647;
			files = (
				3C80B14C2741FAE700DDF82F /* AppDelegate.swift in Sources */,
				3C80B17B2742241D00DDF82F /* HomePagerCell.swift in Sources */,
				3CB0607C274E4D4000FF4A6D /* UIFont+NotoSans.swift in Sources */,
				3CB0607F274E5D8100FF4A6D /* SettingProfileViewController.swift in Sources */,
				3C1735882745E4BF00C9895E /* MatchViewModel.swift in Sources */,
				3C80B1AB274350EC00DDF82F /* HomeBestMemberReusableView.swift in Sources */,
				3C80B19C2743338E00DDF82F /* HomeBestMemberViewController.swift in Sources */,
				3C80B1A1274343A900DDF82F /* BestMemberSectionModel.swift in Sources */,
				3CC18A5E274EA676007C02F4 /* SettingTeamMemberViewModel.swift in Sources */,
				3C2DD430274CA2C2007DBC58 /* MoaButtonView.swift in Sources */,
				3C80B185274253BA00DDF82F /* HomeBestTeamBuildCell.swift in Sources */,
				3C17358F2746021E00C9895E /* CommunityTeamBuildCell.swift in Sources */,
				3C80B1972742665200DDF82F /* SettingViewController.swift in Sources */,
				3C1DEDBC274CE7B600F0EA58 /* BackgroundBlur.swift in Sources */,
				3C80B1812742349400DDF82F /* HomeBestMemberCell.swift in Sources */,
				3C80B14E2741FAE700DDF82F /* SceneDelegate.swift in Sources */,
				3C1DEDB7274CE0FD00F0EA58 /* BottomDatePickerViewController.swift in Sources */,
				3C1DEDC1274CED8E00F0EA58 /* CommunityRegisterTeambuildViewModel.swift in Sources */,
				3C80B1A4274346CB00DDF82F /* HomeBestMemberViewModel.swift in Sources */,
				3C2DD438274CB125007DBC58 /* CommunityRegisterTeambuildViewController.swift in Sources */,
				3CC18A57274E9E36007C02F4 /* SettingDetailMyTeambuildCell.swift in Sources */,
				3C2DD42D274C7D70007DBC58 /* CommunityJoinTeambuildViewController.swift in Sources */,
				3C1735932746044500C9895E /* CommunityViewModel.swift in Sources */,
				3C80B18927425CED00DDF82F /* MoaTabBarController.swift in Sources */,
				3CC18A4E274E926A007C02F4 /* SettingMyTeambuildCell.swift in Sources */,
				3C1DEDBE274CE7CD00F0EA58 /* CustomAlert.swift in Sources */,
				3CC18A53274E9D05007C02F4 /* SettingDetailMyTeambuildViewController.swift in Sources */,
				3C80B1B32743765000DDF82F /* HomeDetailBestTeamBuildCell.swift in Sources */,
				3C80B17E274225F100DDF82F /* IdentifierType.swift in Sources */,
				3CD639CA274DFE3900114CB4 /* BottomAlertViewController.swift in Sources */,
				3C80B1922742664000DDF82F /* MatchViewController.swift in Sources */,
				3C1DEDBA274CE44500F0EA58 /* UIView+RoundConer.swift in Sources */,
				3CB06083274E5D8B00FF4A6D /* SettingMyPageViewController.swift in Sources */,
				3C80B1B62743788E00DDF82F /* HomeBestTeamBuildViewModel.swift in Sources */,
				3CC18A4A274E916E007C02F4 /* SettingMyPageViewModel.swift in Sources */,
				3C1735802745461E00C9895E /* UnderLineNavBar.swift in Sources */,
				3C80B1B82743B50900DDF82F /* UIColor+Initialize.swift in Sources */,
				3C80B18D2742660600DDF82F /* CommunityViewController.swift in Sources */,
				3C80B19F274333FC00DDF82F /* MoaNavigationController.swift in Sources */,
				3C80B1712742006100DDF82F /* HomeViewController.swift in Sources */,
				3CD639C6274D3D6500114CB4 /* CommunityUserProfileViewController.swift in Sources */,
				3C80B1792742238800DDF82F /* ViewModelType.swift in Sources */,
				3CC18A5B274EA3CD007C02F4 /* SettingTeamMemberViewController.swift in Sources */,
				3C80B1762742233D00DDF82F /* HomeViewModel.swift in Sources */,
				3C80B1AF2743704400DDF82F /* HomeBestTeamBuildViewController.swift in Sources */,
				3C1735842745E1C700C9895E /* MatchMyTeamBuildCell.swift in Sources */,
			);
			runOnlyForDeploymentPostprocessing = 0;
		};
/* End PBXSourcesBuildPhase section */

/* Begin PBXVariantGroup section */
		3C80B1562741FAE900DDF82F /* LaunchScreen.storyboard */ = {
			isa = PBXVariantGroup;
			children = (
				3C80B1572741FAE900DDF82F /* Base */,
			);
			name = LaunchScreen.storyboard;
			sourceTree = "<group>";
		};
/* End PBXVariantGroup section */

/* Begin XCBuildConfiguration section */
		3C80B15A2741FAE900DDF82F /* Debug */ = {
			isa = XCBuildConfiguration;
			buildSettings = {
				ALWAYS_SEARCH_USER_PATHS = NO;
				CLANG_ANALYZER_NONNULL = YES;
				CLANG_ANALYZER_NUMBER_OBJECT_CONVERSION = YES_AGGRESSIVE;
				CLANG_CXX_LANGUAGE_STANDARD = "gnu++17";
				CLANG_CXX_LIBRARY = "libc++";
				CLANG_ENABLE_MODULES = YES;
				CLANG_ENABLE_OBJC_ARC = YES;
				CLANG_ENABLE_OBJC_WEAK = YES;
				CLANG_WARN_BLOCK_CAPTURE_AUTORELEASING = YES;
				CLANG_WARN_BOOL_CONVERSION = YES;
				CLANG_WARN_COMMA = YES;
				CLANG_WARN_CONSTANT_CONVERSION = YES;
				CLANG_WARN_DEPRECATED_OBJC_IMPLEMENTATIONS = YES;
				CLANG_WARN_DIRECT_OBJC_ISA_USAGE = YES_ERROR;
				CLANG_WARN_DOCUMENTATION_COMMENTS = YES;
				CLANG_WARN_EMPTY_BODY = YES;
				CLANG_WARN_ENUM_CONVERSION = YES;
				CLANG_WARN_INFINITE_RECURSION = YES;
				CLANG_WARN_INT_CONVERSION = YES;
				CLANG_WARN_NON_LITERAL_NULL_CONVERSION = YES;
				CLANG_WARN_OBJC_IMPLICIT_RETAIN_SELF = YES;
				CLANG_WARN_OBJC_LITERAL_CONVERSION = YES;
				CLANG_WARN_OBJC_ROOT_CLASS = YES_ERROR;
				CLANG_WARN_QUOTED_INCLUDE_IN_FRAMEWORK_HEADER = YES;
				CLANG_WARN_RANGE_LOOP_ANALYSIS = YES;
				CLANG_WARN_STRICT_PROTOTYPES = YES;
				CLANG_WARN_SUSPICIOUS_MOVE = YES;
				CLANG_WARN_UNGUARDED_AVAILABILITY = YES_AGGRESSIVE;
				CLANG_WARN_UNREACHABLE_CODE = YES;
				CLANG_WARN__DUPLICATE_METHOD_MATCH = YES;
				COPY_PHASE_STRIP = NO;
				DEBUG_INFORMATION_FORMAT = dwarf;
				ENABLE_STRICT_OBJC_MSGSEND = YES;
				ENABLE_TESTABILITY = YES;
				GCC_C_LANGUAGE_STANDARD = gnu11;
				GCC_DYNAMIC_NO_PIC = NO;
				GCC_NO_COMMON_BLOCKS = YES;
				GCC_OPTIMIZATION_LEVEL = 0;
				GCC_PREPROCESSOR_DEFINITIONS = (
					"DEBUG=1",
					"$(inherited)",
				);
				GCC_WARN_64_TO_32_BIT_CONVERSION = YES;
				GCC_WARN_ABOUT_RETURN_TYPE = YES_ERROR;
				GCC_WARN_UNDECLARED_SELECTOR = YES;
				GCC_WARN_UNINITIALIZED_AUTOS = YES_AGGRESSIVE;
				GCC_WARN_UNUSED_FUNCTION = YES;
				GCC_WARN_UNUSED_VARIABLE = YES;
				IPHONEOS_DEPLOYMENT_TARGET = 13.0;
				MTL_ENABLE_DEBUG_INFO = INCLUDE_SOURCE;
				MTL_FAST_MATH = YES;
				ONLY_ACTIVE_ARCH = YES;
				SDKROOT = iphoneos;
				SWIFT_ACTIVE_COMPILATION_CONDITIONS = DEBUG;
				SWIFT_OPTIMIZATION_LEVEL = "-Onone";
			};
			name = Debug;
		};
		3C80B15B2741FAE900DDF82F /* Release */ = {
			isa = XCBuildConfiguration;
			buildSettings = {
				ALWAYS_SEARCH_USER_PATHS = NO;
				CLANG_ANALYZER_NONNULL = YES;
				CLANG_ANALYZER_NUMBER_OBJECT_CONVERSION = YES_AGGRESSIVE;
				CLANG_CXX_LANGUAGE_STANDARD = "gnu++17";
				CLANG_CXX_LIBRARY = "libc++";
				CLANG_ENABLE_MODULES = YES;
				CLANG_ENABLE_OBJC_ARC = YES;
				CLANG_ENABLE_OBJC_WEAK = YES;
				CLANG_WARN_BLOCK_CAPTURE_AUTORELEASING = YES;
				CLANG_WARN_BOOL_CONVERSION = YES;
				CLANG_WARN_COMMA = YES;
				CLANG_WARN_CONSTANT_CONVERSION = YES;
				CLANG_WARN_DEPRECATED_OBJC_IMPLEMENTATIONS = YES;
				CLANG_WARN_DIRECT_OBJC_ISA_USAGE = YES_ERROR;
				CLANG_WARN_DOCUMENTATION_COMMENTS = YES;
				CLANG_WARN_EMPTY_BODY = YES;
				CLANG_WARN_ENUM_CONVERSION = YES;
				CLANG_WARN_INFINITE_RECURSION = YES;
				CLANG_WARN_INT_CONVERSION = YES;
				CLANG_WARN_NON_LITERAL_NULL_CONVERSION = YES;
				CLANG_WARN_OBJC_IMPLICIT_RETAIN_SELF = YES;
				CLANG_WARN_OBJC_LITERAL_CONVERSION = YES;
				CLANG_WARN_OBJC_ROOT_CLASS = YES_ERROR;
				CLANG_WARN_QUOTED_INCLUDE_IN_FRAMEWORK_HEADER = YES;
				CLANG_WARN_RANGE_LOOP_ANALYSIS = YES;
				CLANG_WARN_STRICT_PROTOTYPES = YES;
				CLANG_WARN_SUSPICIOUS_MOVE = YES;
				CLANG_WARN_UNGUARDED_AVAILABILITY = YES_AGGRESSIVE;
				CLANG_WARN_UNREACHABLE_CODE = YES;
				CLANG_WARN__DUPLICATE_METHOD_MATCH = YES;
				COPY_PHASE_STRIP = NO;
				DEBUG_INFORMATION_FORMAT = "dwarf-with-dsym";
				ENABLE_NS_ASSERTIONS = NO;
				ENABLE_STRICT_OBJC_MSGSEND = YES;
				GCC_C_LANGUAGE_STANDARD = gnu11;
				GCC_NO_COMMON_BLOCKS = YES;
				GCC_WARN_64_TO_32_BIT_CONVERSION = YES;
				GCC_WARN_ABOUT_RETURN_TYPE = YES_ERROR;
				GCC_WARN_UNDECLARED_SELECTOR = YES;
				GCC_WARN_UNINITIALIZED_AUTOS = YES_AGGRESSIVE;
				GCC_WARN_UNUSED_FUNCTION = YES;
				GCC_WARN_UNUSED_VARIABLE = YES;
				IPHONEOS_DEPLOYMENT_TARGET = 13.0;
				MTL_ENABLE_DEBUG_INFO = NO;
				MTL_FAST_MATH = YES;
				SDKROOT = iphoneos;
				SWIFT_COMPILATION_MODE = wholemodule;
				SWIFT_OPTIMIZATION_LEVEL = "-O";
				VALIDATE_PRODUCT = YES;
			};
			name = Release;
		};
		3C80B15D2741FAE900DDF82F /* Debug */ = {
			isa = XCBuildConfiguration;
			baseConfigurationReference = 76C0E082EDB23930135F1216 /* Pods-Moa.debug.xcconfig */;
			buildSettings = {
				ASSETCATALOG_COMPILER_APPICON_NAME = AppIcon;
				ASSETCATALOG_COMPILER_GLOBAL_ACCENT_COLOR_NAME = AccentColor;
				CODE_SIGN_STYLE = Automatic;
				CURRENT_PROJECT_VERSION = 3;
				DEVELOPMENT_TEAM = HK54HM2TC6;
				GENERATE_INFOPLIST_FILE = YES;
				INFOPLIST_FILE = Moa/Info.plist;
				INFOPLIST_KEY_CFBundleDisplayName = "모아";
				INFOPLIST_KEY_NSPhotoLibraryAddUsageDescription = "팀 빌딩을 위한 공모전 이미지를 추가하기 위해서 필요합니다.";
				INFOPLIST_KEY_UIApplicationSupportsIndirectInputEvents = YES;
				INFOPLIST_KEY_UILaunchStoryboardName = LaunchScreen;
				INFOPLIST_KEY_UISupportedInterfaceOrientations = "";
				INFOPLIST_KEY_UISupportedInterfaceOrientations_iPad = "UIInterfaceOrientationPortrait UIInterfaceOrientationPortraitUpsideDown UIInterfaceOrientationLandscapeLeft UIInterfaceOrientationLandscapeRight";
				INFOPLIST_KEY_UISupportedInterfaceOrientations_iPhone = "UIInterfaceOrientationPortrait UIInterfaceOrientationLandscapeLeft UIInterfaceOrientationLandscapeRight";
				INFOPLIST_KEY_UIUserInterfaceStyle = Light;
				IPHONEOS_DEPLOYMENT_TARGET = 13.0;
				LD_RUNPATH_SEARCH_PATHS = (
					"$(inherited)",
					"@executable_path/Frameworks",
				);
				MARKETING_VERSION = 1.0;
				PRODUCT_BUNDLE_IDENTIFIER = com.heoblitz.Moa;
				PRODUCT_NAME = "$(TARGET_NAME)";
				SWIFT_EMIT_LOC_STRINGS = YES;
				SWIFT_VERSION = 5.0;
				TARGETED_DEVICE_FAMILY = 1;
			};
			name = Debug;
		};
		3C80B15E2741FAE900DDF82F /* Release */ = {
			isa = XCBuildConfiguration;
			baseConfigurationReference = 438978EA119CA256DA37A4B4 /* Pods-Moa.release.xcconfig */;
			buildSettings = {
				ASSETCATALOG_COMPILER_APPICON_NAME = AppIcon;
				ASSETCATALOG_COMPILER_GLOBAL_ACCENT_COLOR_NAME = AccentColor;
				CODE_SIGN_STYLE = Automatic;
				CURRENT_PROJECT_VERSION = 3;
				DEVELOPMENT_TEAM = HK54HM2TC6;
				GENERATE_INFOPLIST_FILE = YES;
				INFOPLIST_FILE = Moa/Info.plist;
				INFOPLIST_KEY_CFBundleDisplayName = "모아";
				INFOPLIST_KEY_NSPhotoLibraryAddUsageDescription = "팀 빌딩을 위한 공모전 이미지를 추가하기 위해서 필요합니다.";
				INFOPLIST_KEY_UIApplicationSupportsIndirectInputEvents = YES;
				INFOPLIST_KEY_UILaunchStoryboardName = LaunchScreen;
				INFOPLIST_KEY_UISupportedInterfaceOrientations = "";
				INFOPLIST_KEY_UISupportedInterfaceOrientations_iPad = "UIInterfaceOrientationPortrait UIInterfaceOrientationPortraitUpsideDown UIInterfaceOrientationLandscapeLeft UIInterfaceOrientationLandscapeRight";
				INFOPLIST_KEY_UISupportedInterfaceOrientations_iPhone = "UIInterfaceOrientationPortrait UIInterfaceOrientationLandscapeLeft UIInterfaceOrientationLandscapeRight";
				INFOPLIST_KEY_UIUserInterfaceStyle = Light;
				IPHONEOS_DEPLOYMENT_TARGET = 13.0;
				LD_RUNPATH_SEARCH_PATHS = (
					"$(inherited)",
					"@executable_path/Frameworks",
				);
				MARKETING_VERSION = 1.0;
				PRODUCT_BUNDLE_IDENTIFIER = com.heoblitz.Moa;
				PRODUCT_NAME = "$(TARGET_NAME)";
				SWIFT_EMIT_LOC_STRINGS = YES;
				SWIFT_VERSION = 5.0;
				TARGETED_DEVICE_FAMILY = 1;
			};
			name = Release;
		};
/* End XCBuildConfiguration section */

/* Begin XCConfigurationList section */
		3C80B1432741FAE700DDF82F /* Build configuration list for PBXProject "Moa" */ = {
			isa = XCConfigurationList;
			buildConfigurations = (
				3C80B15A2741FAE900DDF82F /* Debug */,
				3C80B15B2741FAE900DDF82F /* Release */,
			);
			defaultConfigurationIsVisible = 0;
			defaultConfigurationName = Release;
		};
		3C80B15C2741FAE900DDF82F /* Build configuration list for PBXNativeTarget "Moa" */ = {
			isa = XCConfigurationList;
			buildConfigurations = (
				3C80B15D2741FAE900DDF82F /* Debug */,
				3C80B15E2741FAE900DDF82F /* Release */,
			);
			defaultConfigurationIsVisible = 0;
			defaultConfigurationName = Release;
		};
/* End XCConfigurationList section */
	};
	rootObject = 3C80B1402741FAE700DDF82F /* Project object */;
}
